// !$*UTF8*$!
{
	archiveVersion = 1;
	classes = {
	};
	objectVersion = 55;
	objects = {

/* Begin PBXBuildFile section */
		43CE831A27E36D9800CAABF5 /* GoogleService-Info.plist in Resources */ = {isa = PBXBuildFile; fileRef = 43CE831927E36D9800CAABF5 /* GoogleService-Info.plist */; };
		43CE831C27E3726100CAABF5 /* Loading.swift in Sources */ = {isa = PBXBuildFile; fileRef = 43CE831B27E3726100CAABF5 /* Loading.swift */; };
		43E9904B27E3153600FB5C25 /* AppDelegate.swift in Sources */ = {isa = PBXBuildFile; fileRef = 43E9904A27E3153600FB5C25 /* AppDelegate.swift */; };
		43E9904D27E3153600FB5C25 /* SceneDelegate.swift in Sources */ = {isa = PBXBuildFile; fileRef = 43E9904C27E3153600FB5C25 /* SceneDelegate.swift */; };
		43E9904F27E3153600FB5C25 /* ViewController.swift in Sources */ = {isa = PBXBuildFile; fileRef = 43E9904E27E3153600FB5C25 /* ViewController.swift */; };
		43E9905227E3153600FB5C25 /* Main.storyboard in Resources */ = {isa = PBXBuildFile; fileRef = 43E9905027E3153600FB5C25 /* Main.storyboard */; };
		43E9905427E3153900FB5C25 /* Assets.xcassets in Resources */ = {isa = PBXBuildFile; fileRef = 43E9905327E3153900FB5C25 /* Assets.xcassets */; };
		43E9905727E3153900FB5C25 /* LaunchScreen.storyboard in Resources */ = {isa = PBXBuildFile; fileRef = 43E9905527E3153900FB5C25 /* LaunchScreen.storyboard */; };
		43E9906527E33AD800FB5C25 /* API.swift in Sources */ = {isa = PBXBuildFile; fileRef = 43E9906427E33AD800FB5C25 /* API.swift */; };
		43E9906727E33AED00FB5C25 /* NetworkManager.swift in Sources */ = {isa = PBXBuildFile; fileRef = 43E9906627E33AED00FB5C25 /* NetworkManager.swift */; };
		43E9906927E33C8800FB5C25 /* Constants.swift in Sources */ = {isa = PBXBuildFile; fileRef = 43E9906827E33C8800FB5C25 /* Constants.swift */; };
		43E9906C27E33D0100FB5C25 /* Movie.swift in Sources */ = {isa = PBXBuildFile; fileRef = 43E9906B27E33D0100FB5C25 /* Movie.swift */; };
		43E9906E27E33D1200FB5C25 /* MovieDetail.swift in Sources */ = {isa = PBXBuildFile; fileRef = 43E9906D27E33D1200FB5C25 /* MovieDetail.swift */; };
		43E9907027E33FB500FB5C25 /* NetworkConnection.swift in Sources */ = {isa = PBXBuildFile; fileRef = 43E9906F27E33FB500FB5C25 /* NetworkConnection.swift */; };
		43E9907227E3403700FB5C25 /* SplashViewController.swift in Sources */ = {isa = PBXBuildFile; fileRef = 43E9907127E3403600FB5C25 /* SplashViewController.swift */; };
		43E9907527E342FD00FB5C25 /* SearchTableViewCell.swift in Sources */ = {isa = PBXBuildFile; fileRef = 43E9907327E342FD00FB5C25 /* SearchTableViewCell.swift */; };
		43E9907627E342FD00FB5C25 /* SearchTableViewCell.xib in Resources */ = {isa = PBXBuildFile; fileRef = 43E9907427E342FD00FB5C25 /* SearchTableViewCell.xib */; };
		4F4EA22264F31116F50D58FD /* Pods_LoodosMovieApp.framework in Frameworks */ = {isa = PBXBuildFile; fileRef = EA57A0711FC5BCA095497344 /* Pods_LoodosMovieApp.framework */; };
/* End PBXBuildFile section */

/* Begin PBXFileReference section */
		0A211183E59AE2D79D6B661C /* Pods-LoodosMovieApp.debug.xcconfig */ = {isa = PBXFileReference; includeInIndex = 1; lastKnownFileType = text.xcconfig; name = "Pods-LoodosMovieApp.debug.xcconfig"; path = "Target Support Files/Pods-LoodosMovieApp/Pods-LoodosMovieApp.debug.xcconfig"; sourceTree = "<group>"; };
		43CE831927E36D9800CAABF5 /* GoogleService-Info.plist */ = {isa = PBXFileReference; fileEncoding = 4; lastKnownFileType = text.plist.xml; path = "GoogleService-Info.plist"; sourceTree = "<group>"; };
		43CE831B27E3726100CAABF5 /* Loading.swift */ = {isa = PBXFileReference; lastKnownFileType = sourcecode.swift; path = Loading.swift; sourceTree = "<group>"; };
		43E9904727E3153600FB5C25 /* LoodosMovieApp.app */ = {isa = PBXFileReference; explicitFileType = wrapper.application; includeInIndex = 0; path = LoodosMovieApp.app; sourceTree = BUILT_PRODUCTS_DIR; };
		43E9904A27E3153600FB5C25 /* AppDelegate.swift */ = {isa = PBXFileReference; lastKnownFileType = sourcecode.swift; path = AppDelegate.swift; sourceTree = "<group>"; };
		43E9904C27E3153600FB5C25 /* SceneDelegate.swift */ = {isa = PBXFileReference; lastKnownFileType = sourcecode.swift; path = SceneDelegate.swift; sourceTree = "<group>"; };
		43E9904E27E3153600FB5C25 /* ViewController.swift */ = {isa = PBXFileReference; lastKnownFileType = sourcecode.swift; path = ViewController.swift; sourceTree = "<group>"; };
		43E9905127E3153600FB5C25 /* Base */ = {isa = PBXFileReference; lastKnownFileType = file.storyboard; name = Base; path = Base.lproj/Main.storyboard; sourceTree = "<group>"; };
		43E9905327E3153900FB5C25 /* Assets.xcassets */ = {isa = PBXFileReference; lastKnownFileType = folder.assetcatalog; path = Assets.xcassets; sourceTree = "<group>"; };
		43E9905627E3153900FB5C25 /* Base */ = {isa = PBXFileReference; lastKnownFileType = file.storyboard; name = Base; path = Base.lproj/LaunchScreen.storyboard; sourceTree = "<group>"; };
		43E9905827E3153900FB5C25 /* Info.plist */ = {isa = PBXFileReference; lastKnownFileType = text.plist.xml; path = Info.plist; sourceTree = "<group>"; };
		43E9906427E33AD800FB5C25 /* API.swift */ = {isa = PBXFileReference; lastKnownFileType = sourcecode.swift; path = API.swift; sourceTree = "<group>"; };
		43E9906627E33AED00FB5C25 /* NetworkManager.swift */ = {isa = PBXFileReference; lastKnownFileType = sourcecode.swift; path = NetworkManager.swift; sourceTree = "<group>"; };
		43E9906827E33C8800FB5C25 /* Constants.swift */ = {isa = PBXFileReference; lastKnownFileType = sourcecode.swift; path = Constants.swift; sourceTree = "<group>"; };
		43E9906B27E33D0100FB5C25 /* Movie.swift */ = {isa = PBXFileReference; lastKnownFileType = sourcecode.swift; path = Movie.swift; sourceTree = "<group>"; };
		43E9906D27E33D1200FB5C25 /* MovieDetail.swift */ = {isa = PBXFileReference; lastKnownFileType = sourcecode.swift; path = MovieDetail.swift; sourceTree = "<group>"; };
		43E9906F27E33FB500FB5C25 /* NetworkConnection.swift */ = {isa = PBXFileReference; lastKnownFileType = sourcecode.swift; path = NetworkConnection.swift; sourceTree = "<group>"; };
		43E9907127E3403600FB5C25 /* SplashViewController.swift */ = {isa = PBXFileReference; lastKnownFileType = sourcecode.swift; path = SplashViewController.swift; sourceTree = "<group>"; };
		43E9907327E342FD00FB5C25 /* SearchTableViewCell.swift */ = {isa = PBXFileReference; lastKnownFileType = sourcecode.swift; path = SearchTableViewCell.swift; sourceTree = "<group>"; };
		43E9907427E342FD00FB5C25 /* SearchTableViewCell.xib */ = {isa = PBXFileReference; lastKnownFileType = file.xib; path = SearchTableViewCell.xib; sourceTree = "<group>"; };
		6C63310871D8F9B05C6A5016 /* Pods-LoodosMovieApp.release.xcconfig */ = {isa = PBXFileReference; includeInIndex = 1; lastKnownFileType = text.xcconfig; name = "Pods-LoodosMovieApp.release.xcconfig"; path = "Target Support Files/Pods-LoodosMovieApp/Pods-LoodosMovieApp.release.xcconfig"; sourceTree = "<group>"; };
		EA57A0711FC5BCA095497344 /* Pods_LoodosMovieApp.framework */ = {isa = PBXFileReference; explicitFileType = wrapper.framework; includeInIndex = 0; path = Pods_LoodosMovieApp.framework; sourceTree = BUILT_PRODUCTS_DIR; };
/* End PBXFileReference section */

/* Begin PBXFrameworksBuildPhase section */
		43E9904427E3153600FB5C25 /* Frameworks */ = {
			isa = PBXFrameworksBuildPhase;
			buildActionMask = 2147483647;
			files = (
				4F4EA22264F31116F50D58FD /* Pods_LoodosMovieApp.framework in Frameworks */,
			);
			runOnlyForDeploymentPostprocessing = 0;
		};
/* End PBXFrameworksBuildPhase section */

/* Begin PBXGroup section */
		1A860AD451BEF9FB5D9258C9 /* Frameworks */ = {
			isa = PBXGroup;
			children = (
				EA57A0711FC5BCA095497344 /* Pods_LoodosMovieApp.framework */,
			);
			name = Frameworks;
			sourceTree = "<group>";
		};
		43E9903E27E3153600FB5C25 = {
			isa = PBXGroup;
			children = (
				43E9904927E3153600FB5C25 /* LoodosMovieApp */,
				43E9904827E3153600FB5C25 /* Products */,
				FA4374C8E2F9196D6C832ECA /* Pods */,
				1A860AD451BEF9FB5D9258C9 /* Frameworks */,
			);
			sourceTree = "<group>";
		};
		43E9904827E3153600FB5C25 /* Products */ = {
			isa = PBXGroup;
			children = (
				43E9904727E3153600FB5C25 /* LoodosMovieApp.app */,
			);
			name = Products;
			sourceTree = "<group>";
		};
		43E9904927E3153600FB5C25 /* LoodosMovieApp */ = {
			isa = PBXGroup;
			children = (
				43E9904A27E3153600FB5C25 /* AppDelegate.swift */,
				43E9904C27E3153600FB5C25 /* SceneDelegate.swift */,
				43E9906327E33A4D00FB5C25 /* Network */,
				43E9905F27E339D700FB5C25 /* Helpers */,
				43E9906A27E33CE400FB5C25 /* Models */,
				43E9906027E339EA00FB5C25 /* Storyboards */,
				43E9906127E33A0400FB5C25 /* ViewControllers */,
				43E9906227E33A2F00FB5C25 /* TableViewCell */,
				43E9905327E3153900FB5C25 /* Assets.xcassets */,
				43E9905827E3153900FB5C25 /* Info.plist */,
				43CE831927E36D9800CAABF5 /* GoogleService-Info.plist */,
			);
			path = LoodosMovieApp;
			sourceTree = "<group>";
		};
		43E9905F27E339D700FB5C25 /* Helpers */ = {
			isa = PBXGroup;
			children = (
				43E9906827E33C8800FB5C25 /* Constants.swift */,
				43CE831B27E3726100CAABF5 /* Loading.swift */,
			);
			path = Helpers;
			sourceTree = "<group>";
		};
		43E9906027E339EA00FB5C25 /* Storyboards */ = {
			isa = PBXGroup;
			children = (
				43E9905027E3153600FB5C25 /* Main.storyboard */,
				43E9905527E3153900FB5C25 /* LaunchScreen.storyboard */,
			);
			path = Storyboards;
			sourceTree = "<group>";
		};
		43E9906127E33A0400FB5C25 /* ViewControllers */ = {
			isa = PBXGroup;
			children = (
				43E9904E27E3153600FB5C25 /* ViewController.swift */,
				43E9907127E3403600FB5C25 /* SplashViewController.swift */,
			);
			path = ViewControllers;
			sourceTree = "<group>";
		};
		43E9906227E33A2F00FB5C25 /* TableViewCell */ = {
			isa = PBXGroup;
			children = (
				43E9907327E342FD00FB5C25 /* SearchTableViewCell.swift */,
				43E9907427E342FD00FB5C25 /* SearchTableViewCell.xib */,
			);
			path = TableViewCell;
			sourceTree = "<group>";
		};
		43E9906327E33A4D00FB5C25 /* Network */ = {
			isa = PBXGroup;
			children = (
				43E9906427E33AD800FB5C25 /* API.swift */,
				43E9906627E33AED00FB5C25 /* NetworkManager.swift */,
				43E9906F27E33FB500FB5C25 /* NetworkConnection.swift */,
			);
			path = Network;
			sourceTree = "<group>";
		};
		43E9906A27E33CE400FB5C25 /* Models */ = {
			isa = PBXGroup;
			children = (
				43E9906B27E33D0100FB5C25 /* Movie.swift */,
				43E9906D27E33D1200FB5C25 /* MovieDetail.swift */,
			);
			path = Models;
			sourceTree = "<group>";
		};
		FA4374C8E2F9196D6C832ECA /* Pods */ = {
			isa = PBXGroup;
			children = (
				0A211183E59AE2D79D6B661C /* Pods-LoodosMovieApp.debug.xcconfig */,
				6C63310871D8F9B05C6A5016 /* Pods-LoodosMovieApp.release.xcconfig */,
			);
			path = Pods;
			sourceTree = "<group>";
		};
/* End PBXGroup section */

/* Begin PBXNativeTarget section */
		43E9904627E3153600FB5C25 /* LoodosMovieApp */ = {
			isa = PBXNativeTarget;
			buildConfigurationList = 43E9905B27E3153900FB5C25 /* Build configuration list for PBXNativeTarget "LoodosMovieApp" */;
			buildPhases = (
				1DBD34F196A91E41B8E2B55B /* [CP] Check Pods Manifest.lock */,
				43E9904327E3153600FB5C25 /* Sources */,
				43E9904427E3153600FB5C25 /* Frameworks */,
				43E9904527E3153600FB5C25 /* Resources */,
				7EC63C203D7E1A82C859209B /* [CP] Embed Pods Frameworks */,
			);
			buildRules = (
			);
			dependencies = (
			);
			name = LoodosMovieApp;
			productName = LoodosMovieApp;
			productReference = 43E9904727E3153600FB5C25 /* LoodosMovieApp.app */;
			productType = "com.apple.product-type.application";
		};
/* End PBXNativeTarget section */

/* Begin PBXProject section */
		43E9903F27E3153600FB5C25 /* Project object */ = {
			isa = PBXProject;
			attributes = {
				BuildIndependentTargetsInParallel = 1;
				LastSwiftUpdateCheck = 1320;
				LastUpgradeCheck = 1320;
				TargetAttributes = {
					43E9904627E3153600FB5C25 = {
						CreatedOnToolsVersion = 13.2.1;
					};
				};
			};
			buildConfigurationList = 43E9904227E3153600FB5C25 /* Build configuration list for PBXProject "LoodosMovieApp" */;
			compatibilityVersion = "Xcode 13.0";
			developmentRegion = en;
			hasScannedForEncodings = 0;
			knownRegions = (
				en,
				Base,
			);
			mainGroup = 43E9903E27E3153600FB5C25;
			productRefGroup = 43E9904827E3153600FB5C25 /* Products */;
			projectDirPath = "";
			projectRoot = "";
			targets = (
				43E9904627E3153600FB5C25 /* LoodosMovieApp */,
			);
		};
/* End PBXProject section */

/* Begin PBXResourcesBuildPhase section */
		43E9904527E3153600FB5C25 /* Resources */ = {
			isa = PBXResourcesBuildPhase;
			buildActionMask = 2147483647;
			files = (
				43E9905727E3153900FB5C25 /* LaunchScreen.storyboard in Resources */,
				43E9907627E342FD00FB5C25 /* SearchTableViewCell.xib in Resources */,
				43CE831A27E36D9800CAABF5 /* GoogleService-Info.plist in Resources */,
				43E9905427E3153900FB5C25 /* Assets.xcassets in Resources */,
				43E9905227E3153600FB5C25 /* Main.storyboard in Resources */,
			);
			runOnlyForDeploymentPostprocessing = 0;
		};
/* End PBXResourcesBuildPhase section */

/* Begin PBXShellScriptBuildPhase section */
		1DBD34F196A91E41B8E2B55B /* [CP] Check Pods Manifest.lock */ = {
			isa = PBXShellScriptBuildPhase;
			buildActionMask = 2147483647;
			files = (
			);
			inputFileListPaths = (
			);
			inputPaths = (
				"${PODS_PODFILE_DIR_PATH}/Podfile.lock",
				"${PODS_ROOT}/Manifest.lock",
			);
			name = "[CP] Check Pods Manifest.lock";
			outputFileListPaths = (
			);
			outputPaths = (
				"$(DERIVED_FILE_DIR)/Pods-LoodosMovieApp-checkManifestLockResult.txt",
			);
			runOnlyForDeploymentPostprocessing = 0;
			shellPath = /bin/sh;
			shellScript = "diff \"${PODS_PODFILE_DIR_PATH}/Podfile.lock\" \"${PODS_ROOT}/Manifest.lock\" > /dev/null\nif [ $? != 0 ] ; then\n    # print error to STDERR\n    echo \"error: The sandbox is not in sync with the Podfile.lock. Run 'pod install' or update your CocoaPods installation.\" >&2\n    exit 1\nfi\n# This output is used by Xcode 'outputs' to avoid re-running this script phase.\necho \"SUCCESS\" > \"${SCRIPT_OUTPUT_FILE_0}\"\n";
			showEnvVarsInLog = 0;
		};
		7EC63C203D7E1A82C859209B /* [CP] Embed Pods Frameworks */ = {
			isa = PBXShellScriptBuildPhase;
			buildActionMask = 2147483647;
			files = (
			);
			inputFileListPaths = (
				"${PODS_ROOT}/Target Support Files/Pods-LoodosMovieApp/Pods-LoodosMovieApp-frameworks-${CONFIGURATION}-input-files.xcfilelist",
			);
			name = "[CP] Embed Pods Frameworks";
			outputFileListPaths = (
				"${PODS_ROOT}/Target Support Files/Pods-LoodosMovieApp/Pods-LoodosMovieApp-frameworks-${CONFIGURATION}-output-files.xcfilelist",
			);
			runOnlyForDeploymentPostprocessing = 0;
			shellPath = /bin/sh;
			shellScript = "\"${PODS_ROOT}/Target Support Files/Pods-LoodosMovieApp/Pods-LoodosMovieApp-frameworks.sh\"\n";
			showEnvVarsInLog = 0;
		};
/* End PBXShellScriptBuildPhase section */

/* Begin PBXSourcesBuildPhase section */
		43E9904327E3153600FB5C25 /* Sources */ = {
			isa = PBXSourcesBuildPhase;
			buildActionMask = 2147483647;
			files = (
				43E9906C27E33D0100FB5C25 /* Movie.swift in Sources */,
				43E9904F27E3153600FB5C25 /* ViewController.swift in Sources */,
				43E9904B27E3153600FB5C25 /* AppDelegate.swift in Sources */,
				43E9906727E33AED00FB5C25 /* NetworkManager.swift in Sources */,
				43E9907527E342FD00FB5C25 /* SearchTableViewCell.swift in Sources */,
				43E9906527E33AD800FB5C25 /* API.swift in Sources */,
				43E9904D27E3153600FB5C25 /* SceneDelegate.swift in Sources */,
				43E9906927E33C8800FB5C25 /* Constants.swift in Sources */,
				43E9906E27E33D1200FB5C25 /* MovieDetail.swift in Sources */,
				43E9907027E33FB500FB5C25 /* NetworkConnection.swift in Sources */,
				43CE831C27E3726100CAABF5 /* Loading.swift in Sources */,
				43E9907227E3403700FB5C25 /* SplashViewController.swift in Sources */,
			);
			runOnlyForDeploymentPostprocessing = 0;
		};
/* End PBXSourcesBuildPhase section */

/* Begin PBXVariantGroup section */
		43E9905027E3153600FB5C25 /* Main.storyboard */ = {
			isa = PBXVariantGroup;
			children = (
				43E9905127E3153600FB5C25 /* Base */,
			);
			name = Main.storyboard;
			sourceTree = "<group>";
		};
		43E9905527E3153900FB5C25 /* LaunchScreen.storyboard */ = {
			isa = PBXVariantGroup;
			children = (
				43E9905627E3153900FB5C25 /* Base */,
			);
			name = LaunchScreen.storyboard;
			sourceTree = "<group>";
		};
/* End PBXVariantGroup section */

/* Begin XCBuildConfiguration section */
		43E9905927E3153900FB5C25 /* Debug */ = {
			isa = XCBuildConfiguration;
			buildSettings = {
				ALWAYS_SEARCH_USER_PATHS = NO;
				CLANG_ANALYZER_NONNULL = YES;
				CLANG_ANALYZER_NUMBER_OBJECT_CONVERSION = YES_AGGRESSIVE;
				CLANG_CXX_LANGUAGE_STANDARD = "gnu++17";
				CLANG_CXX_LIBRARY = "libc++";
				CLANG_ENABLE_MODULES = YES;
				CLANG_ENABLE_OBJC_ARC = YES;
				CLANG_ENABLE_OBJC_WEAK = YES;
				CLANG_WARN_BLOCK_CAPTURE_AUTORELEASING = YES;
				CLANG_WARN_BOOL_CONVERSION = YES;
				CLANG_WARN_COMMA = YES;
				CLANG_WARN_CONSTANT_CONVERSION = YES;
				CLANG_WARN_DEPRECATED_OBJC_IMPLEMENTATIONS = YES;
				CLANG_WARN_DIRECT_OBJC_ISA_USAGE = YES_ERROR;
				CLANG_WARN_DOCUMENTATION_COMMENTS = YES;
				CLANG_WARN_EMPTY_BODY = YES;
				CLANG_WARN_ENUM_CONVERSION = YES;
				CLANG_WARN_INFINITE_RECURSION = YES;
				CLANG_WARN_INT_CONVERSION = YES;
				CLANG_WARN_NON_LITERAL_NULL_CONVERSION = YES;
				CLANG_WARN_OBJC_IMPLICIT_RETAIN_SELF = YES;
				CLANG_WARN_OBJC_LITERAL_CONVERSION = YES;
				CLANG_WARN_OBJC_ROOT_CLASS = YES_ERROR;
				CLANG_WARN_QUOTED_INCLUDE_IN_FRAMEWORK_HEADER = YES;
				CLANG_WARN_RANGE_LOOP_ANALYSIS = YES;
				CLANG_WARN_STRICT_PROTOTYPES = YES;
				CLANG_WARN_SUSPICIOUS_MOVE = YES;
				CLANG_WARN_UNGUARDED_AVAILABILITY = YES_AGGRESSIVE;
				CLANG_WARN_UNREACHABLE_CODE = YES;
				CLANG_WARN__DUPLICATE_METHOD_MATCH = YES;
				COPY_PHASE_STRIP = NO;
				DEBUG_INFORMATION_FORMAT = dwarf;
				ENABLE_STRICT_OBJC_MSGSEND = YES;
				ENABLE_TESTABILITY = YES;
				GCC_C_LANGUAGE_STANDARD = gnu11;
				GCC_DYNAMIC_NO_PIC = NO;
				GCC_NO_COMMON_BLOCKS = YES;
				GCC_OPTIMIZATION_LEVEL = 0;
				GCC_PREPROCESSOR_DEFINITIONS = (
					"DEBUG=1",
					"$(inherited)",
				);
				GCC_WARN_64_TO_32_BIT_CONVERSION = YES;
				GCC_WARN_ABOUT_RETURN_TYPE = YES_ERROR;
				GCC_WARN_UNDECLARED_SELECTOR = YES;
				GCC_WARN_UNINITIALIZED_AUTOS = YES_AGGRESSIVE;
				GCC_WARN_UNUSED_FUNCTION = YES;
				GCC_WARN_UNUSED_VARIABLE = YES;
				IPHONEOS_DEPLOYMENT_TARGET = 15.2;
				MTL_ENABLE_DEBUG_INFO = INCLUDE_SOURCE;
				MTL_FAST_MATH = YES;
				ONLY_ACTIVE_ARCH = YES;
				SDKROOT = iphoneos;
				SWIFT_ACTIVE_COMPILATION_CONDITIONS = DEBUG;
				SWIFT_OPTIMIZATION_LEVEL = "-Onone";
			};
			name = Debug;
		};
		43E9905A27E3153900FB5C25 /* Release */ = {
			isa = XCBuildConfiguration;
			buildSettings = {
				ALWAYS_SEARCH_USER_PATHS = NO;
				CLANG_ANALYZER_NONNULL = YES;
				CLANG_ANALYZER_NUMBER_OBJECT_CONVERSION = YES_AGGRESSIVE;
				CLANG_CXX_LANGUAGE_STANDARD = "gnu++17";
				CLANG_CXX_LIBRARY = "libc++";
				CLANG_ENABLE_MODULES = YES;
				CLANG_ENABLE_OBJC_ARC = YES;
				CLANG_ENABLE_OBJC_WEAK = YES;
				CLANG_WARN_BLOCK_CAPTURE_AUTORELEASING = YES;
				CLANG_WARN_BOOL_CONVERSION = YES;
				CLANG_WARN_COMMA = YES;
				CLANG_WARN_CONSTANT_CONVERSION = YES;
				CLANG_WARN_DEPRECATED_OBJC_IMPLEMENTATIONS = YES;
				CLANG_WARN_DIRECT_OBJC_ISA_USAGE = YES_ERROR;
				CLANG_WARN_DOCUMENTATION_COMMENTS = YES;
				CLANG_WARN_EMPTY_BODY = YES;
				CLANG_WARN_ENUM_CONVERSION = YES;
				CLANG_WARN_INFINITE_RECURSION = YES;
				CLANG_WARN_INT_CONVERSION = YES;
				CLANG_WARN_NON_LITERAL_NULL_CONVERSION = YES;
				CLANG_WARN_OBJC_IMPLICIT_RETAIN_SELF = YES;
				CLANG_WARN_OBJC_LITERAL_CONVERSION = YES;
				CLANG_WARN_OBJC_ROOT_CLASS = YES_ERROR;
				CLANG_WARN_QUOTED_INCLUDE_IN_FRAMEWORK_HEADER = YES;
				CLANG_WARN_RANGE_LOOP_ANALYSIS = YES;
				CLANG_WARN_STRICT_PROTOTYPES = YES;
				CLANG_WARN_SUSPICIOUS_MOVE = YES;
				CLANG_WARN_UNGUARDED_AVAILABILITY = YES_AGGRESSIVE;
				CLANG_WARN_UNREACHABLE_CODE = YES;
				CLANG_WARN__DUPLICATE_METHOD_MATCH = YES;
				COPY_PHASE_STRIP = NO;
				DEBUG_INFORMATION_FORMAT = "dwarf-with-dsym";
				ENABLE_NS_ASSERTIONS = NO;
				ENABLE_STRICT_OBJC_MSGSEND = YES;
				GCC_C_LANGUAGE_STANDARD = gnu11;
				GCC_NO_COMMON_BLOCKS = YES;
				GCC_WARN_64_TO_32_BIT_CONVERSION = YES;
				GCC_WARN_ABOUT_RETURN_TYPE = YES_ERROR;
				GCC_WARN_UNDECLARED_SELECTOR = YES;
				GCC_WARN_UNINITIALIZED_AUTOS = YES_AGGRESSIVE;
				GCC_WARN_UNUSED_FUNCTION = YES;
				GCC_WARN_UNUSED_VARIABLE = YES;
				IPHONEOS_DEPLOYMENT_TARGET = 15.2;
				MTL_ENABLE_DEBUG_INFO = NO;
				MTL_FAST_MATH = YES;
				SDKROOT = iphoneos;
				SWIFT_COMPILATION_MODE = wholemodule;
				SWIFT_OPTIMIZATION_LEVEL = "-O";
				VALIDATE_PRODUCT = YES;
			};
			name = Release;
		};
		43E9905C27E3153900FB5C25 /* Debug */ = {
			isa = XCBuildConfiguration;
			baseConfigurationReference = 0A211183E59AE2D79D6B661C /* Pods-LoodosMovieApp.debug.xcconfig */;
			buildSettings = {
				ASSETCATALOG_COMPILER_APPICON_NAME = AppIcon;
				ASSETCATALOG_COMPILER_GLOBAL_ACCENT_COLOR_NAME = AccentColor;
				CODE_SIGN_STYLE = Automatic;
				CURRENT_PROJECT_VERSION = 1;
				DEVELOPMENT_TEAM = GYG2PZZTM5;
				GENERATE_INFOPLIST_FILE = YES;
				INFOPLIST_FILE = LoodosMovieApp/Info.plist;
				INFOPLIST_KEY_UIApplicationSupportsIndirectInputEvents = YES;
				INFOPLIST_KEY_UILaunchStoryboardName = LaunchScreen;
				INFOPLIST_KEY_UIMainStoryboardFile = Main;
				INFOPLIST_KEY_UISupportedInterfaceOrientations_iPad = "UIInterfaceOrientationPortrait UIInterfaceOrientationPortraitUpsideDown UIInterfaceOrientationLandscapeLeft UIInterfaceOrientationLandscapeRight";
				INFOPLIST_KEY_UISupportedInterfaceOrientations_iPhone = "UIInterfaceOrientationPortrait UIInterfaceOrientationLandscapeLeft UIInterfaceOrientationLandscapeRight";
				LD_RUNPATH_SEARCH_PATHS = (
					"$(inherited)",
					"@executable_path/Frameworks",
				);
				MARKETING_VERSION = 1.0;
				PRODUCT_BUNDLE_IDENTIFIER = busraabay.LoodosMovieApp;
				PRODUCT_NAME = "$(TARGET_NAME)";
				SWIFT_EMIT_LOC_STRINGS = YES;
				SWIFT_VERSION = 5.0;
				TARGETED_DEVICE_FAMILY = "1,2";
			};
			name = Debug;
		};
		43E9905D27E3153900FB5C25 /* Release */ = {
			isa = XCBuildConfiguration;
			baseConfigurationReference = 6C63310871D8F9B05C6A5016 /* Pods-LoodosMovieApp.release.xcconfig */;
			buildSettings = {
				ASSETCATALOG_COMPILER_APPICON_NAME = AppIcon;
				ASSETCATALOG_COMPILER_GLOBAL_ACCENT_COLOR_NAME = AccentColor;
				CODE_SIGN_STYLE = Automatic;
				CURRENT_PROJECT_VERSION = 1;
				DEVELOPMENT_TEAM = GYG2PZZTM5;
				GENERATE_INFOPLIST_FILE = YES;
				INFOPLIST_FILE = LoodosMovieApp/Info.plist;
				INFOPLIST_KEY_UIApplicationSupportsIndirectInputEvents = YES;
				INFOPLIST_KEY_UILaunchStoryboardName = LaunchScreen;
				INFOPLIST_KEY_UIMainStoryboardFile = Main;
				INFOPLIST_KEY_UISupportedInterfaceOrientations_iPad = "UIInterfaceOrientationPortrait UIInterfaceOrientationPortraitUpsideDown UIInterfaceOrientationLandscapeLeft UIInterfaceOrientationLandscapeRight";
				INFOPLIST_KEY_UISupportedInterfaceOrientations_iPhone = "UIInterfaceOrientationPortrait UIInterfaceOrientationLandscapeLeft UIInterfaceOrientationLandscapeRight";
				LD_RUNPATH_SEARCH_PATHS = (
					"$(inherited)",
					"@executable_path/Frameworks",
				);
				MARKETING_VERSION = 1.0;
				PRODUCT_BUNDLE_IDENTIFIER = busraabay.LoodosMovieApp;
				PRODUCT_NAME = "$(TARGET_NAME)";
				SWIFT_EMIT_LOC_STRINGS = YES;
				SWIFT_VERSION = 5.0;
				TARGETED_DEVICE_FAMILY = "1,2";
			};
			name = Release;
		};
/* End XCBuildConfiguration section */

/* Begin XCConfigurationList section */
		43E9904227E3153600FB5C25 /* Build configuration list for PBXProject "LoodosMovieApp" */ = {
			isa = XCConfigurationList;
			buildConfigurations = (
				43E9905927E3153900FB5C25 /* Debug */,
				43E9905A27E3153900FB5C25 /* Release */,
			);
			defaultConfigurationIsVisible = 0;
			defaultConfigurationName = Release;
		};
		43E9905B27E3153900FB5C25 /* Build configuration list for PBXNativeTarget "LoodosMovieApp" */ = {
			isa = XCConfigurationList;
			buildConfigurations = (
				43E9905C27E3153900FB5C25 /* Debug */,
				43E9905D27E3153900FB5C25 /* Release */,
			);
			defaultConfigurationIsVisible = 0;
			defaultConfigurationName = Release;
		};
/* End XCConfigurationList section */
	};
	rootObject = 43E9903F27E3153600FB5C25 /* Project object */;
}
